
Microsoft Visual Studio Solution File, Format Version 12.00
# Visual Studio Version 17
VisualStudioVersion = 17.5.33530.505
MinimumVisualStudioVersion = 10.0.40219.1
Project("{FAE04EC0-301F-11D3-BF4B-00C04F79EFBC}") = "NotEnoughBradleyScientists", "NotEnoughBradleyScientists.csproj", "{A9DA8BBB-935C-4387-A114-F0D885BA3E59}"
EndProject
Global
	GlobalSection(SolutionConfigurationPlatforms) = preSolution
		Debug|Any CPU = Debug|Any CPU
		Release|Any CPU = Release|Any CPU
	EndGlobalSection
	GlobalSection(ProjectConfigurationPlatforms) = postSolution
		{A9DA8BBB-935C-4387-A114-F0D885BA3E59}.Debug|Any CPU.ActiveCfg = Debug|Any CPU
		{A9DA8BBB-935C-4387-A114-F0D885BA3E59}.Debug|Any CPU.Build.0 = Debug|Any CPU
		{A9DA8BBB-935C-4387-A114-F0D885BA3E59}.Release|Any CPU.ActiveCfg = Release|Any CPU
		{A9DA8BBB-935C-4387-A114-F0D885BA3E59}.Release|Any CPU.Build.0 = Release|Any CPU
	EndGlobalSection
	GlobalSection(SolutionProperties) = preSolution
		HideSolutionNode = FALSE
	EndGlobalSection
	GlobalSection(ExtensibilityGlobals) = postSolution
		SolutionGuid = {16CA4E0A-2C35-4654-9C70-7088DE94A7F8}
	EndGlobalSection
EndGlobal
